<?xml version="1.0" encoding="UTF-8" standalone="yes" ?>
<CodeBlocks_project_file>
	<FileVersion major="1" minor="6" />
	<Project>
		<Option title="CG-Final" />
		<Option pch_mode="2" />
		<Option compiler="gcc" />
		<Build>
			<Target title="Debug">
				<Option output="Compiled/bin/Debug/CGFinal" prefix_auto="1" extension_auto="1" />
				<Option object_output="Compiled/obj/Debug/" />
				<Option type="1" />
				<Option compiler="gcc" />
				<Compiler>
					<Add option="-g" />
				</Compiler>
			</Target>
			<Target title="Release">
				<Option output="Compiled/bin/Release/CGFinal" prefix_auto="1" extension_auto="1" />
				<Option object_output="Compiled/obj/Release/" />
				<Option type="1" />
				<Option compiler="gcc" />
				<Compiler>
					<Add option="-O2" />
				</Compiler>
				<Linker>
					<Add option="-s" />
				</Linker>
			</Target>
		</Build>
		<Compiler>
			<Add option="-Wall" />
		</Compiler>
		<Unit filename="deps/GLADLibs/src/glad.c">
			<Option compilerVar="CC" />
		</Unit>
		<Unit filename="main.cpp" />
		<Unit filename="shaders/BasicFragmentShader.frag" />
		<Unit filename="shaders/BasicVertexShader.vert" />
		<Unit filename="shaders/PointLightSourceFragmentShader.frag" />
		<Unit filename="shaders/PointLightSourceVertexShader.vert" />
		<Unit filename="shaders/VegetationFragmentShader.frag" />
		<Unit filename="shaders/VegetationVertexShader.vert" />
		<Unit filename="tools/Mesh_loader.hpp" />
		<Unit filename="tools/Model_Loader.hpp" />
		<Unit filename="tools/camera_object.h" />
		<Unit filename="tools/shader_compiler.h" />
		<Extensions />
	</Project>
</CodeBlocks_project_file>
